
Microsoft Visual Studio Solution File, Format Version 12.00
# Visual Studio Version 17
VisualStudioVersion = 17.3.32901.215
MinimumVisualStudioVersion = 10.0.40219.1
Project("{FAE04EC0-301F-11D3-BF4B-00C04F79EFBC}") = "Game.ThreeInRow", "Game.ThreeInRow\Game.ThreeInRow.csproj", "{07528502-64B9-410F-A8E2-F08FA72806EB}"
EndProject
Global
	GlobalSection(SolutionConfigurationPlatforms) = preSolution
		Debug|Any CPU = Debug|Any CPU
		Release|Any CPU = Release|Any CPU
	EndGlobalSection
	GlobalSection(ProjectConfigurationPlatforms) = postSolution
		{07528502-64B9-410F-A8E2-F08FA72806EB}.Debug|Any CPU.ActiveCfg = Debug|Any CPU
		{07528502-64B9-410F-A8E2-F08FA72806EB}.Debug|Any CPU.Build.0 = Debug|Any CPU
		{07528502-64B9-410F-A8E2-F08FA72806EB}.Release|Any CPU.ActiveCfg = Release|Any CPU
		{07528502-64B9-410F-A8E2-F08FA72806EB}.Release|Any CPU.Build.0 = Release|Any CPU
	EndGlobalSection
	GlobalSection(SolutionProperties) = preSolution
		HideSolutionNode = FALSE
	EndGlobalSection
	GlobalSection(ExtensibilityGlobals) = postSolution
		SolutionGuid = {95EB1263-78E4-4E02-8B47-0EC129B793A5}
	EndGlobalSection
EndGlobal
